{
  "requires": true,
  "lockfileVersion": 1,
  "dependencies": {
    "@types/node": {
      "version": "18.14.5",
      "resolved": "https://registry.npmjs.org/@types/node/-/node-18.14.5.tgz",
      "integrity": "sha512-CRT4tMK/DHYhw1fcCEBwME9CSaZNclxfzVMe7GsO6ULSwsttbj70wSiX6rZdIjGblu93sTJxLdhNIT85KKI7Qw=="
    },
    "readfiles-sync": {
      "version": "0.0.3",
      "resolved": "https://registry.npmjs.org/readfiles-sync/-/readfiles-sync-0.0.3.tgz",
      "integrity": "sha512-ag7B5zDyx2g2L1Gsnow642MFUbkS5sllBrUFp+KuPSNaGH/CNyUqaRWdpOj4qWUJ2mLf7IpFrcg3iYHXTP2tKA=="
    }
  }
}
